// !$*UTF8*$!
{
	archiveVersion = 1;
	classes = {
	};
	objectVersion = 46;
	objects = {

/* Begin PBXBuildFile section */
		2E3925B11A68395000BA998D /* main.m in Sources */ = {isa = PBXBuildFile; fileRef = 2E3925B01A68395000BA998D /* main.m */; };
		2E3925B41A68395000BA998D /* AppDelegate.m in Sources */ = {isa = PBXBuildFile; fileRef = 2E3925B31A68395000BA998D /* AppDelegate.m */; };
		2E3925BC1A68395000BA998D /* Images.xcassets in Resources */ = {isa = PBXBuildFile; fileRef = 2E3925BB1A68395000BA998D /* Images.xcassets */; };
		2E3925CB1A68395100BA998D /* DPUserDefaultsTests.m in Sources */ = {isa = PBXBuildFile; fileRef = 2E3925CA1A68395100BA998D /* DPUserDefaultsTests.m */; };
/* End PBXBuildFile section */

/* Begin PBXContainerItemProxy section */
		2E3925C51A68395100BA998D /* PBXContainerItemProxy */ = {
			isa = PBXContainerItemProxy;
			containerPortal = 2E3925A31A68395000BA998D /* Project object */;
			proxyType = 1;
			remoteGlobalIDString = 2E3925AA1A68395000BA998D;
			remoteInfo = DPUserDefaults;
		};
/* End PBXContainerItemProxy section */

/* Begin PBXFileReference section */
		2E3925AB1A68395000BA998D /* DPUserDefaults.app */ = {isa = PBXFileReference; explicitFileType = wrapper.application; includeInIndex = 0; path = DPUserDefaults.app; sourceTree = BUILT_PRODUCTS_DIR; };
		2E3925AF1A68395000BA998D /* Info.plist */ = {isa = PBXFileReference; lastKnownFileType = text.plist.xml; path = Info.plist; sourceTree = "<group>"; };
		2E3925B01A68395000BA998D /* main.m */ = {isa = PBXFileReference; lastKnownFileType = sourcecode.c.objc; path = main.m; sourceTree = "<group>"; };
		2E3925B21A68395000BA998D /* AppDelegate.h */ = {isa = PBXFileReference; lastKnownFileType = sourcecode.c.h; path = AppDelegate.h; sourceTree = "<group>"; };
		2E3925B31A68395000BA998D /* AppDelegate.m */ = {isa = PBXFileReference; lastKnownFileType = sourcecode.c.objc; path = AppDelegate.m; sourceTree = "<group>"; };
		2E3925BB1A68395000BA998D /* Images.xcassets */ = {isa = PBXFileReference; lastKnownFileType = folder.assetcatalog; path = Images.xcassets; sourceTree = "<group>"; };
		2E3925C41A68395100BA998D /* DPUserDefaultsTests.xctest */ = {isa = PBXFileReference; explicitFileType = wrapper.cfbundle; includeInIndex = 0; path = DPUserDefaultsTests.xctest; sourceTree = BUILT_PRODUCTS_DIR; };
		2E3925C91A68395100BA998D /* Info.plist */ = {isa = PBXFileReference; lastKnownFileType = text.plist.xml; path = Info.plist; sourceTree = "<group>"; };
		2E3925CA1A68395100BA998D /* DPUserDefaultsTests.m */ = {isa = PBXFileReference; lastKnownFileType = sourcecode.c.objc; path = DPUserDefaultsTests.m; sourceTree = "<group>"; };
/* End PBXFileReference section */

/* Begin PBXFrameworksBuildPhase section */
		2E3925A81A68395000BA998D /* Frameworks */ = {
			isa = PBXFrameworksBuildPhase;
			buildActionMask = 2147483647;
			files = (
			);
			runOnlyForDeploymentPostprocessing = 0;
		};
		2E3925C11A68395100BA998D /* Frameworks */ = {
			isa = PBXFrameworksBuildPhase;
			buildActionMask = 2147483647;
			files = (
			);
			runOnlyForDeploymentPostprocessing = 0;
		};
/* End PBXFrameworksBuildPhase section */

/* Begin PBXGroup section */
		2E3925A21A68395000BA998D = {
			isa = PBXGroup;
			children = (
				2E3925AD1A68395000BA998D /* DPUserDefaults */,
				2E3925C71A68395100BA998D /* DPUserDefaultsTests */,
				2E3925AC1A68395000BA998D /* Products */,
			);
			sourceTree = "<group>";
		};
		2E3925AC1A68395000BA998D /* Products */ = {
			isa = PBXGroup;
			children = (
				2E3925AB1A68395000BA998D /* DPUserDefaults.app */,
				2E3925C41A68395100BA998D /* DPUserDefaultsTests.xctest */,
			);
			name = Products;
			sourceTree = "<group>";
		};
		2E3925AD1A68395000BA998D /* DPUserDefaults */ = {
			isa = PBXGroup;
			children = (
				2E3925B21A68395000BA998D /* AppDelegate.h */,
				2E3925B31A68395000BA998D /* AppDelegate.m */,
				2E3925BB1A68395000BA998D /* Images.xcassets */,
				2E3925AE1A68395000BA998D /* Supporting Files */,
			);
			path = DPUserDefaults;
			sourceTree = "<group>";
		};
		2E3925AE1A68395000BA998D /* Supporting Files */ = {
			isa = PBXGroup;
			children = (
				2E3925AF1A68395000BA998D /* Info.plist */,
				2E3925B01A68395000BA998D /* main.m */,
			);
			name = "Supporting Files";
			sourceTree = "<group>";
		};
		2E3925C71A68395100BA998D /* DPUserDefaultsTests */ = {
			isa = PBXGroup;
			children = (
				2E3925CA1A68395100BA998D /* DPUserDefaultsTests.m */,
				2E3925C81A68395100BA998D /* Supporting Files */,
			);
			path = DPUserDefaultsTests;
			sourceTree = "<group>";
		};
		2E3925C81A68395100BA998D /* Supporting Files */ = {
			isa = PBXGroup;
			children = (
				2E3925C91A68395100BA998D /* Info.plist */,
			);
			name = "Supporting Files";
			sourceTree = "<group>";
		};
/* End PBXGroup section */

/* Begin PBXNativeTarget section */
		2E3925AA1A68395000BA998D /* DPUserDefaults */ = {
			isa = PBXNativeTarget;
			buildConfigurationList = 2E3925CE1A68395100BA998D /* Build configuration list for PBXNativeTarget "DPUserDefaults" */;
			buildPhases = (
				2E3925A71A68395000BA998D /* Sources */,
				2E3925A81A68395000BA998D /* Frameworks */,
				2E3925A91A68395000BA998D /* Resources */,
			);
			buildRules = (
			);
			dependencies = (
			);
			name = DPUserDefaults;
			productName = DPUserDefaults;
			productReference = 2E3925AB1A68395000BA998D /* DPUserDefaults.app */;
			productType = "com.apple.product-type.application";
		};
		2E3925C31A68395100BA998D /* DPUserDefaultsTests */ = {
			isa = PBXNativeTarget;
			buildConfigurationList = 2E3925D11A68395100BA998D /* Build configuration list for PBXNativeTarget "DPUserDefaultsTests" */;
			buildPhases = (
				2E3925C01A68395100BA998D /* Sources */,
				2E3925C11A68395100BA998D /* Frameworks */,
				2E3925C21A68395100BA998D /* Resources */,
			);
			buildRules = (
			);
			dependencies = (
				2E3925C61A68395100BA998D /* PBXTargetDependency */,
			);
			name = DPUserDefaultsTests;
			productName = DPUserDefaultsTests;
			productReference = 2E3925C41A68395100BA998D /* DPUserDefaultsTests.xctest */;
			productType = "com.apple.product-type.bundle.unit-test";
		};
/* End PBXNativeTarget section */

/* Begin PBXProject section */
		2E3925A31A68395000BA998D /* Project object */ = {
			isa = PBXProject;
			attributes = {
				LastUpgradeCheck = 0610;
				ORGANIZATIONNAME = "Kostas Antonopoulos";
				TargetAttributes = {
					2E3925AA1A68395000BA998D = {
						CreatedOnToolsVersion = 6.1.1;
					};
					2E3925C31A68395100BA998D = {
						CreatedOnToolsVersion = 6.1.1;
						TestTargetID = 2E3925AA1A68395000BA998D;
					};
				};
			};
			buildConfigurationList = 2E3925A61A68395000BA998D /* Build configuration list for PBXProject "DPUserDefaults" */;
			compatibilityVersion = "Xcode 3.2";
			developmentRegion = English;
			hasScannedForEncodings = 0;
			knownRegions = (
				en,
				Base,
			);
			mainGroup = 2E3925A21A68395000BA998D;
			productRefGroup = 2E3925AC1A68395000BA998D /* Products */;
			projectDirPath = "";
			projectRoot = "";
			targets = (
				2E3925AA1A68395000BA998D /* DPUserDefaults */,
				2E3925C31A68395100BA998D /* DPUserDefaultsTests */,
			);
		};
/* End PBXProject section */

/* Begin PBXResourcesBuildPhase section */
		2E3925A91A68395000BA998D /* Resources */ = {
			isa = PBXResourcesBuildPhase;
			buildActionMask = 2147483647;
			files = (
				2E3925BC1A68395000BA998D /* Images.xcassets in Resources */,
			);
			runOnlyForDeploymentPostprocessing = 0;
		};
		2E3925C21A68395100BA998D /* Resources */ = {
			isa = PBXResourcesBuildPhase;
			buildActionMask = 2147483647;
			files = (
			);
			runOnlyForDeploymentPostprocessing = 0;
		};
/* End PBXResourcesBuildPhase section */

/* Begin PBXSourcesBuildPhase section */
		2E3925A71A68395000BA998D /* Sources */ = {
			isa = PBXSourcesBuildPhase;
			buildActionMask = 2147483647;
			files = (
				2E3925B41A68395000BA998D /* AppDelegate.m in Sources */,
				2E3925B11A68395000BA998D /* main.m in Sources */,
			);
			runOnlyForDeploymentPostprocessing = 0;
		};
		2E3925C01A68395100BA998D /* Sources */ = {
			isa = PBXSourcesBuildPhase;
			buildActionMask = 2147483647;
			files = (
				2E3925CB1A68395100BA998D /* DPUserDefaultsTests.m in Sources */,
			);
			runOnlyForDeploymentPostprocessing = 0;
		};
/* End PBXSourcesBuildPhase section */

/* Begin PBXTargetDependency section */
		2E3925C61A68395100BA998D /* PBXTargetDependency */ = {
			isa = PBXTargetDependency;
			target = 2E3925AA1A68395000BA998D /* DPUserDefaults */;
			targetProxy = 2E3925C51A68395100BA998D /* PBXContainerItemProxy */;
		};
/* End PBXTargetDependency section */

/* Begin XCBuildConfiguration section */
		2E3925CC1A68395100BA998D /* Debug */ = {
			isa = XCBuildConfiguration;
			buildSettings = {
				ALWAYS_SEARCH_USER_PATHS = NO;
				CLANG_CXX_LANGUAGE_STANDARD = "gnu++0x";
				CLANG_CXX_LIBRARY = "libc++";
				CLANG_ENABLE_MODULES = YES;
				CLANG_ENABLE_OBJC_ARC = YES;
				CLANG_WARN_BOOL_CONVERSION = YES;
				CLANG_WARN_CONSTANT_CONVERSION = YES;
				CLANG_WARN_DIRECT_OBJC_ISA_USAGE = YES_ERROR;
				CLANG_WARN_EMPTY_BODY = YES;
				CLANG_WARN_ENUM_CONVERSION = YES;
				CLANG_WARN_INT_CONVERSION = YES;
				CLANG_WARN_OBJC_ROOT_CLASS = YES_ERROR;
				CLANG_WARN_UNREACHABLE_CODE = YES;
				CLANG_WARN__DUPLICATE_METHOD_MATCH = YES;
				"CODE_SIGN_IDENTITY[sdk=iphoneos*]" = "iPhone Developer";
				COPY_PHASE_STRIP = NO;
				ENABLE_STRICT_OBJC_MSGSEND = YES;
				GCC_C_LANGUAGE_STANDARD = gnu99;
				GCC_DYNAMIC_NO_PIC = NO;
				GCC_OPTIMIZATION_LEVEL = 0;
				GCC_PREPROCESSOR_DEFINITIONS = (
					"DEBUG=1",
					"$(inherited)",
				);
				GCC_SYMBOLS_PRIVATE_EXTERN = NO;
				GCC_WARN_64_TO_32_BIT_CONVERSION = YES;
				GCC_WARN_ABOUT_RETURN_TYPE = YES_ERROR;
				GCC_WARN_UNDECLARED_SELECTOR = YES;
				GCC_WARN_UNINITIALIZED_AUTOS = YES_AGGRESSIVE;
				GCC_WARN_UNUSED_FUNCTION = YES;
				GCC_WARN_UNUSED_VARIABLE = YES;
				IPHONEOS_DEPLOYMENT_TARGET = 8.1;
				MTL_ENABLE_DEBUG_INFO = YES;
				ONLY_ACTIVE_ARCH = YES;
				SDKROOT = iphoneos;
			};
			name = Debug;
		};
		2E3925CD1A68395100BA998D /* Release */ = {
			isa = XCBuildConfiguration;
			buildSettings = {
				ALWAYS_SEARCH_USER_PATHS = NO;
				CLANG_CXX_LANGUAGE_STANDARD = "gnu++0x";
				CLANG_CXX_LIBRARY = "libc++";
				CLANG_ENABLE_MODULES = YES;
				CLANG_ENABLE_OBJC_ARC = YES;
				CLANG_WARN_BOOL_CONVERSION = YES;
				CLANG_WARN_CONSTANT_CONVERSION = YES;
				CLANG_WARN_DIRECT_OBJC_ISA_USAGE = YES_ERROR;
				CLANG_WARN_EMPTY_BODY = YES;
				CLANG_WARN_ENUM_CONVERSION = YES;
				CLANG_WARN_INT_CONVERSION = YES;
				CLANG_WARN_OBJC_ROOT_CLASS = YES_ERROR;
				CLANG_WARN_UNREACHABLE_CODE = YES;
				CLANG_WARN__DUPLICATE_METHOD_MATCH = YES;
				"CODE_SIGN_IDENTITY[sdk=iphoneos*]" = "iPhone Developer";
				COPY_PHASE_STRIP = YES;
				ENABLE_NS_ASSERTIONS = NO;
				ENABLE_STRICT_OBJC_MSGSEND = YES;
				GCC_C_LANGUAGE_STANDARD = gnu99;
				GCC_WARN_64_TO_32_BIT_CONVERSION = YES;
				GCC_WARN_ABOUT_RETURN_TYPE = YES_ERROR;
				GCC_WARN_UNDECLARED_SELECTOR = YES;
				GCC_WARN_UNINITIALIZED_AUTOS = YES_AGGRESSIVE;
				GCC_WARN_UNUSED_FUNCTION = YES;
				GCC_WARN_UNUSED_VARIABLE = YES;
				IPHONEOS_DEPLOYMENT_TARGET = 8.1;
				MTL_ENABLE_DEBUG_INFO = NO;
				SDKROOT = iphoneos;
				VALIDATE_PRODUCT = YES;
			};
			name = Release;
		};
		2E3925CF1A68395100BA998D /* Debug */ = {
			isa = XCBuildConfiguration;
			buildSettings = {
				ASSETCATALOG_COMPILER_APPICON_NAME = AppIcon;
				INFOPLIST_FILE = DPUserDefaults/Info.plist;
				LD_RUNPATH_SEARCH_PATHS = "$(inherited) @executable_path/Frameworks";
				PRODUCT_NAME = "$(TARGET_NAME)";
			};
			name = Debug;
		};
		2E3925D01A68395100BA998D /* Release */ = {
			isa = XCBuildConfiguration;
			buildSettings = {
				ASSETCATALOG_COMPILER_APPICON_NAME = AppIcon;
				INFOPLIST_FILE = DPUserDefaults/Info.plist;
				LD_RUNPATH_SEARCH_PATHS = "$(inherited) @executable_path/Frameworks";
				PRODUCT_NAME = "$(TARGET_NAME)";
			};
			name = Release;
		};
		2E3925D21A68395100BA998D /* Debug */ = {
			isa = XCBuildConfiguration;
			buildSettings = {
				BUNDLE_LOADER = "$(TEST_HOST)";
				FRAMEWORK_SEARCH_PATHS = (
					"$(SDKROOT)/Developer/Library/Frameworks",
					"$(inherited)",
				);
				GCC_PREPROCESSOR_DEFINITIONS = (
					"DEBUG=1",
					"$(inherited)",
				);
				INFOPLIST_FILE = DPUserDefaultsTests/Info.plist;
				LD_RUNPATH_SEARCH_PATHS = "$(inherited) @executable_path/Frameworks @loader_path/Frameworks";
				PRODUCT_NAME = "$(TARGET_NAME)";
				TEST_HOST = "$(BUILT_PRODUCTS_DIR)/DPUserDefaults.app/DPUserDefaults";
			};
			name = Debug;
		};
		2E3925D31A68395100BA998D /* Release */ = {
			isa = XCBuildConfiguration;
			buildSettings = {
				BUNDLE_LOADER = "$(TEST_HOST)";
				FRAMEWORK_SEARCH_PATHS = (
					"$(SDKROOT)/Developer/Library/Frameworks",
					"$(inherited)",
				);
				INFOPLIST_FILE = DPUserDefaultsTests/Info.plist;
				LD_RUNPATH_SEARCH_PATHS = "$(inherited) @executable_path/Frameworks @loader_path/Frameworks";
				PRODUCT_NAME = "$(TARGET_NAME)";
				TEST_HOST = "$(BUILT_PRODUCTS_DIR)/DPUserDefaults.app/DPUserDefaults";
			};
			name = Release;
		};
/* End XCBuildConfiguration section */

/* Begin XCConfigurationList section */
		2E3925A61A68395000BA998D /* Build configuration list for PBXProject "DPUserDefaults" */ = {
			isa = XCConfigurationList;
			buildConfigurations = (
				2E3925CC1A68395100BA998D /* Debug */,
				2E3925CD1A68395100BA998D /* Release */,
			);
			defaultConfigurationIsVisible = 0;
			defaultConfigurationName = Release;
		};
		2E3925CE1A68395100BA998D /* Build configuration list for PBXNativeTarget "DPUserDefaults" */ = {
			isa = XCConfigurationList;
			buildConfigurations = (
				2E3925CF1A68395100BA998D /* Debug */,
				2E3925D01A68395100BA998D /* Release */,
			);
			defaultConfigurationIsVisible = 0;
		};
		2E3925D11A68395100BA998D /* Build configuration list for PBXNativeTarget "DPUserDefaultsTests" */ = {
			isa = XCConfigurationList;
			buildConfigurations = (
				2E3925D21A68395100BA998D /* Debug */,
				2E3925D31A68395100BA998D /* Release */,
			);
			defaultConfigurationIsVisible = 0;
		};
/* End XCConfigurationList section */
	};
	rootObject = 2E3925A31A68395000BA998D /* Project object */;
}
